{
  "version": 4,
  "terraform_version": "1.0.8",
  "serial": 73,
  "lineage": "dacc3bc3-b451-0c8b-1e5d-19a0c7d4d8ba",
  "outputs": {},
  "resources": [
    {
      "mode": "managed",
      "type": "aws_db_instance",
      "name": "rds-db",
      "provider": "provider[\"registry.terraform.io/hashicorp/aws\"]",
      "instances": [
        {
          "schema_version": 1,
          "attributes": {
            "address": "mysqlinstance.cjjlqaie17az.us-west-2.rds.amazonaws.com",
            "allocated_storage": 10,
            "allow_major_version_upgrade": null,
            "apply_immediately": null,
            "arn": "arn:aws:rds:us-west-2:573601384075:db:mysqlinstance",
            "auto_minor_version_upgrade": true,
            "availability_zone": "us-west-2d",
            "backup_retention_period": 0,
            "backup_window": "13:11-13:41",
            "ca_cert_identifier": "rds-ca-2019",
            "character_set_name": "",
            "copy_tags_to_snapshot": false,
            "customer_owned_ip_enabled": false,
            "db_subnet_group_name": "default",
            "delete_automated_backups": true,
            "deletion_protection": false,
            "domain": "",
            "domain_iam_role_name": "",
            "enabled_cloudwatch_logs_exports": [],
            "endpoint": "mysqlinstance.cjjlqaie17az.us-west-2.rds.amazonaws.com:3306",
            "engine": "mysql",
            "engine_version": "5.7.21",
            "engine_version_actual": "5.7.21",
            "final_snapshot_identifier": null,
            "hosted_zone_id": "Z1PVIF0B656C1W",
            "iam_database_authentication_enabled": false,
            "id": "mysqlinstance",
            "identifier": "mysqlinstance",
            "identifier_prefix": null,
            "instance_class": "db.t2.small",
            "iops": 0,
            "kms_key_id": "",
            "latest_restorable_time": "0001-01-01T00:00:00Z",
            "license_model": "general-public-license",
            "maintenance_window": "sat:09:12-sat:09:42",
            "max_allocated_storage": 0,
            "monitoring_interval": 0,
            "monitoring_role_arn": "",
            "multi_az": false,
            "name": "mydb",
            "nchar_character_set_name": "",
            "option_group_name": "default:mysql-5-7",
            "parameter_group_name": "default.mysql5.7",
            "password": "!paszword1",
            "performance_insights_enabled": false,
            "performance_insights_kms_key_id": "",
            "performance_insights_retention_period": 0,
            "port": 3306,
            "publicly_accessible": true,
            "replicas": [],
            "replicate_source_db": "",
            "resource_id": "db-UEIXZ5NGFEZIMGOCKBT22VLGSQ",
            "restore_to_point_in_time": [],
            "s3_import": [],
            "security_group_names": [],
            "skip_final_snapshot": true,
            "snapshot_identifier": null,
            "status": "available",
            "storage_encrypted": false,
            "storage_type": "gp2",
            "tags": {},
            "tags_all": {},
            "timeouts": null,
            "timezone": "",
            "username": "celo",
            "vpc_security_group_ids": [
              "sg-0849a16a51a395e00"
            ]
          },
          "sensitive_attributes": [],
          "private": "eyJlMmJmYjczMC1lY2FhLTExZTYtOGY4OC0zNDM2M2JjN2M0YzAiOnsiY3JlYXRlIjoyNDAwMDAwMDAwMDAwLCJkZWxldGUiOjM2MDAwMDAwMDAwMDAsInVwZGF0ZSI6NDgwMDAwMDAwMDAwMH0sInNjaGVtYV92ZXJzaW9uIjoiMSJ9"
        }
      ]
    },
    {
      "mode": "managed",
      "type": "aws_elastic_beanstalk_application",
      "name": "ebs-app",
      "provider": "provider[\"registry.terraform.io/hashicorp/aws\"]",
      "instances": [
        {
          "schema_version": 0,
          "attributes": {
            "appversion_lifecycle": [
              {
                "delete_source_from_s3": false,
                "max_age_in_days": 0,
                "max_count": 128,
                "service_role": "arn:aws:iam::573601384075:role/arn-role"
              }
            ],
            "arn": "arn:aws:elasticbeanstalk:us-west-2:573601384075:application/mybooksapp",
            "description": "beanstalk environment to deploy java apps without worrying about the infrastructure",
            "id": "mybooksapp",
            "name": "mybooksapp",
            "tags": {},
            "tags_all": {}
          },
          "sensitive_attributes": [],
          "private": "bnVsbA==",
          "dependencies": [
            "aws_db_instance.rds-db"
          ]
        }
      ]
    },
    {
      "mode": "managed",
      "type": "aws_elastic_beanstalk_application_version",
      "name": "ebs-app-ver",
      "provider": "provider[\"registry.terraform.io/hashicorp/aws\"]",
      "instances": [
        {
          "schema_version": 0,
          "attributes": {
            "application": "mybooksapp",
            "arn": "arn:aws:elasticbeanstalk:us-west-2:573601384075:applicationversion/mybooksapp/v1",
            "bucket": "mybooks.application.artefact",
            "description": "",
            "force_delete": false,
            "id": "v1",
            "key": "target/book-orders.jar",
            "name": "v1",
            "tags": {},
            "tags_all": {}
          },
          "sensitive_attributes": [],
          "private": "bnVsbA==",
          "dependencies": [
            "aws_db_instance.rds-db",
            "aws_elastic_beanstalk_application.ebs-app",
            "aws_s3_bucket.default",
            "aws_s3_bucket_object.default"
          ]
        }
      ]
    },
    {
      "mode": "managed",
      "type": "aws_elastic_beanstalk_environment",
      "name": "ebs-env",
      "provider": "provider[\"registry.terraform.io/hashicorp/aws\"]",
      "instances": [
        {
          "status": "tainted",
          "schema_version": 1,
          "attributes": {
            "all_settings": [],
            "application": "mybooksapp",
            "arn": null,
            "autoscaling_groups": null,
            "cname": null,
            "cname_prefix": "mybooksapp-dev",
            "description": null,
            "endpoint_url": null,
            "id": "e-a3wm5mrptn",
            "instances": null,
            "launch_configurations": null,
            "load_balancers": null,
            "name": "mybooksapp-dev",
            "platform_arn": null,
            "poll_interval": null,
            "queues": null,
            "setting": [
              {
                "name": "IamInstanceProfile",
                "namespace": "aws:autoscaling:launchconfiguration",
                "resource": "",
                "value": "arn:aws:iam::573601384075:role/aws-service-role/elasticbeanstalk.amazonaws.com/AWSServiceRoleForElasticBeanstalk"
              },
              {
                "name": "SERVER_PORT",
                "namespace": "aws:elasticbeanstalk:application:environment",
                "resource": "",
                "value": "5000"
              }
            ],
            "solution_stack_name": "64bit Amazon Linux 2018.03 v2.11.12 running Java 8",
            "tags": null,
            "tags_all": null,
            "template_name": null,
            "tier": "WebServer",
            "triggers": null,
            "version_label": "v1",
            "wait_for_ready_timeout": "20m"
          },
          "sensitive_attributes": [],
          "private": "eyJzY2hlbWFfdmVyc2lvbiI6IjEifQ==",
          "dependencies": [
            "aws_elastic_beanstalk_application.ebs-app",
            "aws_elastic_beanstalk_application_version.ebs-app-ver"
          ]
        }
      ]
    },
    {
      "mode": "managed",
      "type": "aws_iam_policy",
      "name": "policy",
      "provider": "provider[\"registry.terraform.io/hashicorp/aws\"]",
      "instances": [
        {
          "schema_version": 0,
          "attributes": {
            "arn": "arn:aws:iam::573601384075:policy/caws_deploy_policy",
            "description": "",
            "id": "arn:aws:iam::573601384075:policy/caws_deploy_policy",
            "name": "caws_deploy_policy",
            "name_prefix": null,
            "path": "/",
            "policy": "{\"Statement\":[{\"Action\":[\"iam:CreateInstanceProfile\",\"iam:RemoveRoleFromInstanceProfile\",\"iam:AddRoleToInstanceProfile\",\"iam:PassRole\",\"iam:DeleteInstanceProfile\"],\"Effect\":\"Allow\",\"Resource\":\"*\"}],\"Version\":\"2012-10-17\"}",
            "policy_id": "ANPAYLDKOQ2FRL5DOFUED",
            "tags": {},
            "tags_all": {}
          },
          "sensitive_attributes": [],
          "private": "bnVsbA=="
        }
      ]
    },
    {
      "mode": "managed",
      "type": "aws_s3_bucket",
      "name": "default",
      "provider": "provider[\"registry.terraform.io/hashicorp/aws\"]",
      "instances": [
        {
          "schema_version": 0,
          "attributes": {
            "acceleration_status": "",
            "acl": "private",
            "arn": "arn:aws:s3:::mybooks.application.artefact",
            "bucket": "mybooks.application.artefact",
            "bucket_domain_name": "mybooks.application.artefact.s3.amazonaws.com",
            "bucket_prefix": null,
            "bucket_regional_domain_name": "mybooks.application.artefact.s3.us-west-2.amazonaws.com",
            "cors_rule": [],
            "force_destroy": false,
            "grant": [],
            "hosted_zone_id": "Z3BJ6K6RIION7M",
            "id": "mybooks.application.artefact",
            "lifecycle_rule": [],
            "logging": [],
            "object_lock_configuration": [],
            "policy": null,
            "region": "us-west-2",
            "replication_configuration": [],
            "request_payer": "BucketOwner",
            "server_side_encryption_configuration": [],
            "tags": {},
            "tags_all": {},
            "versioning": [
              {
                "enabled": false,
                "mfa_delete": false
              }
            ],
            "website": [],
            "website_domain": null,
            "website_endpoint": null
          },
          "sensitive_attributes": [],
          "private": "bnVsbA=="
        }
      ]
    },
    {
      "mode": "managed",
      "type": "aws_s3_bucket_object",
      "name": "default",
      "provider": "provider[\"registry.terraform.io/hashicorp/aws\"]",
      "instances": [
        {
          "schema_version": 0,
          "attributes": {
            "acl": "private",
            "bucket": "mybooks.application.artefact",
            "bucket_key_enabled": false,
            "cache_control": "",
            "content": null,
            "content_base64": null,
            "content_disposition": "",
            "content_encoding": "",
            "content_language": "",
            "content_type": "binary/octet-stream",
            "etag": "44e2295a378e16313d0b97383a92dbb2",
            "force_destroy": false,
            "id": "target/book-orders.jar",
            "key": "target/book-orders.jar",
            "kms_key_id": null,
            "metadata": {},
            "object_lock_legal_hold_status": "",
            "object_lock_mode": "",
            "object_lock_retain_until_date": "",
            "server_side_encryption": "",
            "source": "target/book-orders.jar",
            "source_hash": null,
            "storage_class": "STANDARD",
            "tags": {},
            "tags_all": {},
            "version_id": "",
            "website_redirect": ""
          },
          "sensitive_attributes": [],
          "private": "bnVsbA==",
          "dependencies": [
            "aws_s3_bucket.default"
          ]
        }
      ]
    }
  ]
}
